
Microsoft Visual Studio Solution File, Format Version 12.00
# Visual Studio Version 17
VisualStudioVersion = 17.9.34714.143
MinimumVisualStudioVersion = 10.0.40219.1
Project("{FAE04EC0-301F-11D3-BF4B-00C04F79EFBC}") = "FletchersBookStore", "FletchersBookstore\FletchersBookStore.csproj", "{0BBB3AAC-F019-4763-932F-DC1EFB1E053C}"
EndProject
Global
	GlobalSection(SolutionConfigurationPlatforms) = preSolution
		Debug|Any CPU = Debug|Any CPU
		Release|Any CPU = Release|Any CPU
	EndGlobalSection
	GlobalSection(ProjectConfigurationPlatforms) = postSolution
		{0BBB3AAC-F019-4763-932F-DC1EFB1E053C}.Debug|Any CPU.ActiveCfg = Debug|Any CPU
		{0BBB3AAC-F019-4763-932F-DC1EFB1E053C}.Debug|Any CPU.Build.0 = Debug|Any CPU
		{0BBB3AAC-F019-4763-932F-DC1EFB1E053C}.Release|Any CPU.ActiveCfg = Release|Any CPU
		{0BBB3AAC-F019-4763-932F-DC1EFB1E053C}.Release|Any CPU.Build.0 = Release|Any CPU
	EndGlobalSection
	GlobalSection(SolutionProperties) = preSolution
		HideSolutionNode = FALSE
	EndGlobalSection
	GlobalSection(ExtensibilityGlobals) = postSolution
		SolutionGuid = {DD24DC7F-067B-448D-9C4D-8BD61273E795}
	EndGlobalSection
EndGlobal
